
Microsoft Visual Studio Solution File, Format Version 12.00
# Visual Studio Version 16
VisualStudioVersion = 16.0.29318.209
MinimumVisualStudioVersion = 10.0.40219.1
Project("{9A19103F-16F7-4668-BE54-9A1E7A4F7556}") = "Objetos", "Objetos\Objetos.csproj", "{6EE30D33-1057-4118-98F4-327903403C1D}"
EndProject
Project("{9A19103F-16F7-4668-BE54-9A1E7A4F7556}") = "Ejercicio1", "Ejercicio1\Ejercicio1.csproj", "{1971F8CD-073A-4AF1-93CA-2CA4E6EDB499}"
EndProject
Project("{9A19103F-16F7-4668-BE54-9A1E7A4F7556}") = "Ejercicio2", "Ejercicio2\Ejercicio2.csproj", "{B3FBB228-8E9E-4E95-87BB-5FDC6DD0FFD0}"
EndProject
Project("{9A19103F-16F7-4668-BE54-9A1E7A4F7556}") = "Ejercicio3", "Ejercicio3\Ejercicio3.csproj", "{B5AF6F64-1DB0-4C63-875C-F1A6CDDEE092}"
EndProject
Project("{9A19103F-16F7-4668-BE54-9A1E7A4F7556}") = "Ejercicio4", "Ejercicio4\Ejercicio4.csproj", "{7A0238B1-58C3-42A0-98E8-283403D217FD}"
EndProject
Project("{9A19103F-16F7-4668-BE54-9A1E7A4F7556}") = "Ejercicio5", "Ejercicio5\Ejercicio5.csproj", "{1CBC2D12-99DC-411A-BA7F-C41875D5EB90}"
EndProject
Project("{9A19103F-16F7-4668-BE54-9A1E7A4F7556}") = "Ejercicio6", "Ejercicio6\Ejercicio6.csproj", "{FA4F7B9D-859D-4FE9-831E-303531517466}"
EndProject
Project("{9A19103F-16F7-4668-BE54-9A1E7A4F7556}") = "Ejercicio7", "Ejercicio7\Ejercicio7.csproj", "{F140AFB0-EDBE-4F90-AC6A-3F21AC72107E}"
EndProject
Project("{9A19103F-16F7-4668-BE54-9A1E7A4F7556}") = "disenioContacto", "disenioContacto\disenioContacto.csproj", "{CC33D7B5-467E-4377-8801-6067F31682E9}"
EndProject
Project("{9A19103F-16F7-4668-BE54-9A1E7A4F7556}") = "Repaso1", "Repaso1\Repaso1.csproj", "{C8E982D3-67D9-47F6-87D2-0D49470D24FE}"
EndProject
Project("{9A19103F-16F7-4668-BE54-9A1E7A4F7556}") = "Repaso2", "Repaso2\Repaso2.csproj", "{7E0D4103-6227-40EE-A700-E2D2D1D5A1B8}"
EndProject
Project("{9A19103F-16F7-4668-BE54-9A1E7A4F7556}") = "Repaso3", "Repaso3\Repaso3.csproj", "{3665CFC2-894D-43F5-839F-9F2ACD9A0158}"
EndProject
Project("{9A19103F-16F7-4668-BE54-9A1E7A4F7556}") = "Repaso4", "Repaso4\Repaso4.csproj", "{6038B2ED-C14E-4AB8-B7F1-3BFD3ACBA0D2}"
EndProject
Project("{9A19103F-16F7-4668-BE54-9A1E7A4F7556}") = "Repaso5", "Repaso5\Repaso5.csproj", "{9638C1C5-D50F-45FC-8E17-6EDD74774A31}"
EndProject
Project("{FAE04EC0-301F-11D3-BF4B-00C04F79EFBC}") = "Repaso6", "Repaso6\Repaso6.csproj", "{E9223216-8410-40DB-B786-06F7CF8BFF5A}"
EndProject
Project("{FAE04EC0-301F-11D3-BF4B-00C04F79EFBC}") = "Repaso7", "Repaso7\Repaso7.csproj", "{A5F79032-3A36-4ADB-BC42-D4BF11C35F71}"
EndProject
Project("{FAE04EC0-301F-11D3-BF4B-00C04F79EFBC}") = "Repaso8", "Repaso8\Repaso8.csproj", "{14FC4066-104E-49B6-A7DA-D34BA25CD5B5}"
EndProject
Project("{FAE04EC0-301F-11D3-BF4B-00C04F79EFBC}") = "Repaso9", "Repaso9\Repaso9.csproj", "{B921A4FD-3430-4879-8C6D-EC39C41069DA}"
EndProject
Project("{FAE04EC0-301F-11D3-BF4B-00C04F79EFBC}") = "Repaso10", "Repaso10\Repaso10.csproj", "{20DB6ADF-7082-4A39-A97F-2FDD4D75C3E6}"
EndProject
Global
	GlobalSection(SolutionConfigurationPlatforms) = preSolution
		Debug|Any CPU = Debug|Any CPU
		Release|Any CPU = Release|Any CPU
	EndGlobalSection
	GlobalSection(ProjectConfigurationPlatforms) = postSolution
		{6EE30D33-1057-4118-98F4-327903403C1D}.Debug|Any CPU.ActiveCfg = Debug|Any CPU
		{6EE30D33-1057-4118-98F4-327903403C1D}.Debug|Any CPU.Build.0 = Debug|Any CPU
		{6EE30D33-1057-4118-98F4-327903403C1D}.Release|Any CPU.ActiveCfg = Release|Any CPU
		{6EE30D33-1057-4118-98F4-327903403C1D}.Release|Any CPU.Build.0 = Release|Any CPU
		{1971F8CD-073A-4AF1-93CA-2CA4E6EDB499}.Debug|Any CPU.ActiveCfg = Debug|Any CPU
		{1971F8CD-073A-4AF1-93CA-2CA4E6EDB499}.Debug|Any CPU.Build.0 = Debug|Any CPU
		{1971F8CD-073A-4AF1-93CA-2CA4E6EDB499}.Release|Any CPU.ActiveCfg = Release|Any CPU
		{1971F8CD-073A-4AF1-93CA-2CA4E6EDB499}.Release|Any CPU.Build.0 = Release|Any CPU
		{B3FBB228-8E9E-4E95-87BB-5FDC6DD0FFD0}.Debug|Any CPU.ActiveCfg = Debug|Any CPU
		{B3FBB228-8E9E-4E95-87BB-5FDC6DD0FFD0}.Debug|Any CPU.Build.0 = Debug|Any CPU
		{B3FBB228-8E9E-4E95-87BB-5FDC6DD0FFD0}.Release|Any CPU.ActiveCfg = Release|Any CPU
		{B3FBB228-8E9E-4E95-87BB-5FDC6DD0FFD0}.Release|Any CPU.Build.0 = Release|Any CPU
		{B5AF6F64-1DB0-4C63-875C-F1A6CDDEE092}.Debug|Any CPU.ActiveCfg = Debug|Any CPU
		{B5AF6F64-1DB0-4C63-875C-F1A6CDDEE092}.Debug|Any CPU.Build.0 = Debug|Any CPU
		{B5AF6F64-1DB0-4C63-875C-F1A6CDDEE092}.Release|Any CPU.ActiveCfg = Release|Any CPU
		{B5AF6F64-1DB0-4C63-875C-F1A6CDDEE092}.Release|Any CPU.Build.0 = Release|Any CPU
		{7A0238B1-58C3-42A0-98E8-283403D217FD}.Debug|Any CPU.ActiveCfg = Debug|Any CPU
		{7A0238B1-58C3-42A0-98E8-283403D217FD}.Debug|Any CPU.Build.0 = Debug|Any CPU
		{7A0238B1-58C3-42A0-98E8-283403D217FD}.Release|Any CPU.ActiveCfg = Release|Any CPU
		{7A0238B1-58C3-42A0-98E8-283403D217FD}.Release|Any CPU.Build.0 = Release|Any CPU
		{1CBC2D12-99DC-411A-BA7F-C41875D5EB90}.Debug|Any CPU.ActiveCfg = Debug|Any CPU
		{1CBC2D12-99DC-411A-BA7F-C41875D5EB90}.Debug|Any CPU.Build.0 = Debug|Any CPU
		{1CBC2D12-99DC-411A-BA7F-C41875D5EB90}.Release|Any CPU.ActiveCfg = Release|Any CPU
		{1CBC2D12-99DC-411A-BA7F-C41875D5EB90}.Release|Any CPU.Build.0 = Release|Any CPU
		{FA4F7B9D-859D-4FE9-831E-303531517466}.Debug|Any CPU.ActiveCfg = Debug|Any CPU
		{FA4F7B9D-859D-4FE9-831E-303531517466}.Debug|Any CPU.Build.0 = Debug|Any CPU
		{FA4F7B9D-859D-4FE9-831E-303531517466}.Release|Any CPU.ActiveCfg = Release|Any CPU
		{FA4F7B9D-859D-4FE9-831E-303531517466}.Release|Any CPU.Build.0 = Release|Any CPU
		{F140AFB0-EDBE-4F90-AC6A-3F21AC72107E}.Debug|Any CPU.ActiveCfg = Debug|Any CPU
		{F140AFB0-EDBE-4F90-AC6A-3F21AC72107E}.Debug|Any CPU.Build.0 = Debug|Any CPU
		{F140AFB0-EDBE-4F90-AC6A-3F21AC72107E}.Release|Any CPU.ActiveCfg = Release|Any CPU
		{F140AFB0-EDBE-4F90-AC6A-3F21AC72107E}.Release|Any CPU.Build.0 = Release|Any CPU
		{CC33D7B5-467E-4377-8801-6067F31682E9}.Debug|Any CPU.ActiveCfg = Debug|Any CPU
		{CC33D7B5-467E-4377-8801-6067F31682E9}.Debug|Any CPU.Build.0 = Debug|Any CPU
		{CC33D7B5-467E-4377-8801-6067F31682E9}.Release|Any CPU.ActiveCfg = Release|Any CPU
		{CC33D7B5-467E-4377-8801-6067F31682E9}.Release|Any CPU.Build.0 = Release|Any CPU
		{C8E982D3-67D9-47F6-87D2-0D49470D24FE}.Debug|Any CPU.ActiveCfg = Debug|Any CPU
		{C8E982D3-67D9-47F6-87D2-0D49470D24FE}.Debug|Any CPU.Build.0 = Debug|Any CPU
		{C8E982D3-67D9-47F6-87D2-0D49470D24FE}.Release|Any CPU.ActiveCfg = Release|Any CPU
		{C8E982D3-67D9-47F6-87D2-0D49470D24FE}.Release|Any CPU.Build.0 = Release|Any CPU
		{7E0D4103-6227-40EE-A700-E2D2D1D5A1B8}.Debug|Any CPU.ActiveCfg = Debug|Any CPU
		{7E0D4103-6227-40EE-A700-E2D2D1D5A1B8}.Debug|Any CPU.Build.0 = Debug|Any CPU
		{7E0D4103-6227-40EE-A700-E2D2D1D5A1B8}.Release|Any CPU.ActiveCfg = Release|Any CPU
		{7E0D4103-6227-40EE-A700-E2D2D1D5A1B8}.Release|Any CPU.Build.0 = Release|Any CPU
		{3665CFC2-894D-43F5-839F-9F2ACD9A0158}.Debug|Any CPU.ActiveCfg = Debug|Any CPU
		{3665CFC2-894D-43F5-839F-9F2ACD9A0158}.Debug|Any CPU.Build.0 = Debug|Any CPU
		{3665CFC2-894D-43F5-839F-9F2ACD9A0158}.Release|Any CPU.ActiveCfg = Release|Any CPU
		{3665CFC2-894D-43F5-839F-9F2ACD9A0158}.Release|Any CPU.Build.0 = Release|Any CPU
		{6038B2ED-C14E-4AB8-B7F1-3BFD3ACBA0D2}.Debug|Any CPU.ActiveCfg = Debug|Any CPU
		{6038B2ED-C14E-4AB8-B7F1-3BFD3ACBA0D2}.Debug|Any CPU.Build.0 = Debug|Any CPU
		{6038B2ED-C14E-4AB8-B7F1-3BFD3ACBA0D2}.Release|Any CPU.ActiveCfg = Release|Any CPU
		{6038B2ED-C14E-4AB8-B7F1-3BFD3ACBA0D2}.Release|Any CPU.Build.0 = Release|Any CPU
		{9638C1C5-D50F-45FC-8E17-6EDD74774A31}.Debug|Any CPU.ActiveCfg = Debug|Any CPU
		{9638C1C5-D50F-45FC-8E17-6EDD74774A31}.Debug|Any CPU.Build.0 = Debug|Any CPU
		{9638C1C5-D50F-45FC-8E17-6EDD74774A31}.Release|Any CPU.ActiveCfg = Release|Any CPU
		{9638C1C5-D50F-45FC-8E17-6EDD74774A31}.Release|Any CPU.Build.0 = Release|Any CPU
		{E9223216-8410-40DB-B786-06F7CF8BFF5A}.Debug|Any CPU.ActiveCfg = Debug|Any CPU
		{E9223216-8410-40DB-B786-06F7CF8BFF5A}.Debug|Any CPU.Build.0 = Debug|Any CPU
		{E9223216-8410-40DB-B786-06F7CF8BFF5A}.Release|Any CPU.ActiveCfg = Release|Any CPU
		{E9223216-8410-40DB-B786-06F7CF8BFF5A}.Release|Any CPU.Build.0 = Release|Any CPU
		{A5F79032-3A36-4ADB-BC42-D4BF11C35F71}.Debug|Any CPU.ActiveCfg = Debug|Any CPU
		{A5F79032-3A36-4ADB-BC42-D4BF11C35F71}.Debug|Any CPU.Build.0 = Debug|Any CPU
		{A5F79032-3A36-4ADB-BC42-D4BF11C35F71}.Release|Any CPU.ActiveCfg = Release|Any CPU
		{A5F79032-3A36-4ADB-BC42-D4BF11C35F71}.Release|Any CPU.Build.0 = Release|Any CPU
		{14FC4066-104E-49B6-A7DA-D34BA25CD5B5}.Debug|Any CPU.ActiveCfg = Debug|Any CPU
		{14FC4066-104E-49B6-A7DA-D34BA25CD5B5}.Debug|Any CPU.Build.0 = Debug|Any CPU
		{14FC4066-104E-49B6-A7DA-D34BA25CD5B5}.Release|Any CPU.ActiveCfg = Release|Any CPU
		{14FC4066-104E-49B6-A7DA-D34BA25CD5B5}.Release|Any CPU.Build.0 = Release|Any CPU
		{B921A4FD-3430-4879-8C6D-EC39C41069DA}.Debug|Any CPU.ActiveCfg = Debug|Any CPU
		{B921A4FD-3430-4879-8C6D-EC39C41069DA}.Debug|Any CPU.Build.0 = Debug|Any CPU
		{B921A4FD-3430-4879-8C6D-EC39C41069DA}.Release|Any CPU.ActiveCfg = Release|Any CPU
		{B921A4FD-3430-4879-8C6D-EC39C41069DA}.Release|Any CPU.Build.0 = Release|Any CPU
		{20DB6ADF-7082-4A39-A97F-2FDD4D75C3E6}.Debug|Any CPU.ActiveCfg = Debug|Any CPU
		{20DB6ADF-7082-4A39-A97F-2FDD4D75C3E6}.Debug|Any CPU.Build.0 = Debug|Any CPU
		{20DB6ADF-7082-4A39-A97F-2FDD4D75C3E6}.Release|Any CPU.ActiveCfg = Release|Any CPU
		{20DB6ADF-7082-4A39-A97F-2FDD4D75C3E6}.Release|Any CPU.Build.0 = Release|Any CPU
	EndGlobalSection
	GlobalSection(SolutionProperties) = preSolution
		HideSolutionNode = FALSE
	EndGlobalSection
	GlobalSection(ExtensibilityGlobals) = postSolution
		SolutionGuid = {4A7EEB53-1AF9-4A12-BEC7-270A31E0C3B2}
	EndGlobalSection
EndGlobal
